// !$*UTF8*$!
{
	archiveVersion = 1;
	classes = {
	};
	objectVersion = 46;
	objects = {

/* Begin PBXBuildFile section */
		D318F4731CAA668800C0ABB9 /* main.m in Sources */ = {isa = PBXBuildFile; fileRef = D318F4721CAA668800C0ABB9 /* main.m */; };
		D318F4761CAA668800C0ABB9 /* AppDelegate.m in Sources */ = {isa = PBXBuildFile; fileRef = D318F4751CAA668800C0ABB9 /* AppDelegate.m */; };
		D318F4791CAA668800C0ABB9 /* ViewController.m in Sources */ = {isa = PBXBuildFile; fileRef = D318F4781CAA668800C0ABB9 /* ViewController.m */; };
		D318F47E1CAA668800C0ABB9 /* Assets.xcassets in Resources */ = {isa = PBXBuildFile; fileRef = D318F47D1CAA668800C0ABB9 /* Assets.xcassets */; };
		D318F4811CAA668800C0ABB9 /* LaunchScreen.storyboard in Resources */ = {isa = PBXBuildFile; fileRef = D318F47F1CAA668800C0ABB9 /* LaunchScreen.storyboard */; };
		D318F48C1CAA668800C0ABB9 /* KVODemoTests.m in Sources */ = {isa = PBXBuildFile; fileRef = D318F48B1CAA668800C0ABB9 /* KVODemoTests.m */; };
		D318F4971CAA668800C0ABB9 /* KVODemoUITests.m in Sources */ = {isa = PBXBuildFile; fileRef = D318F4961CAA668800C0ABB9 /* KVODemoUITests.m */; };
		D318F4A61CAA691500C0ABB9 /* TestModel.m in Sources */ = {isa = PBXBuildFile; fileRef = D318F4A51CAA691500C0ABB9 /* TestModel.m */; };
		D318F4A91CAA6BF500C0ABB9 /* TestWrapperModel.m in Sources */ = {isa = PBXBuildFile; fileRef = D318F4A81CAA6BF500C0ABB9 /* TestWrapperModel.m */; };
/* End PBXBuildFile section */

/* Begin PBXContainerItemProxy section */
		D318F4881CAA668800C0ABB9 /* PBXContainerItemProxy */ = {
			isa = PBXContainerItemProxy;
			containerPortal = D318F4661CAA668800C0ABB9 /* Project object */;
			proxyType = 1;
			remoteGlobalIDString = D318F46D1CAA668800C0ABB9;
			remoteInfo = KVODemo;
		};
		D318F4931CAA668800C0ABB9 /* PBXContainerItemProxy */ = {
			isa = PBXContainerItemProxy;
			containerPortal = D318F4661CAA668800C0ABB9 /* Project object */;
			proxyType = 1;
			remoteGlobalIDString = D318F46D1CAA668800C0ABB9;
			remoteInfo = KVODemo;
		};
/* End PBXContainerItemProxy section */

/* Begin PBXFileReference section */
		D318F46E1CAA668800C0ABB9 /* KVODemo.app */ = {isa = PBXFileReference; explicitFileType = wrapper.application; includeInIndex = 0; path = KVODemo.app; sourceTree = BUILT_PRODUCTS_DIR; };
		D318F4721CAA668800C0ABB9 /* main.m */ = {isa = PBXFileReference; lastKnownFileType = sourcecode.c.objc; path = main.m; sourceTree = "<group>"; };
		D318F4741CAA668800C0ABB9 /* AppDelegate.h */ = {isa = PBXFileReference; lastKnownFileType = sourcecode.c.h; path = AppDelegate.h; sourceTree = "<group>"; };
		D318F4751CAA668800C0ABB9 /* AppDelegate.m */ = {isa = PBXFileReference; lastKnownFileType = sourcecode.c.objc; path = AppDelegate.m; sourceTree = "<group>"; };
		D318F4771CAA668800C0ABB9 /* ViewController.h */ = {isa = PBXFileReference; lastKnownFileType = sourcecode.c.h; path = ViewController.h; sourceTree = "<group>"; };
		D318F4781CAA668800C0ABB9 /* ViewController.m */ = {isa = PBXFileReference; lastKnownFileType = sourcecode.c.objc; path = ViewController.m; sourceTree = "<group>"; };
		D318F47D1CAA668800C0ABB9 /* Assets.xcassets */ = {isa = PBXFileReference; lastKnownFileType = folder.assetcatalog; path = Assets.xcassets; sourceTree = "<group>"; };
		D318F4801CAA668800C0ABB9 /* Base */ = {isa = PBXFileReference; lastKnownFileType = file.storyboard; name = Base; path = Base.lproj/LaunchScreen.storyboard; sourceTree = "<group>"; };
		D318F4821CAA668800C0ABB9 /* Info.plist */ = {isa = PBXFileReference; lastKnownFileType = text.plist.xml; path = Info.plist; sourceTree = "<group>"; };
		D318F4871CAA668800C0ABB9 /* KVODemoTests.xctest */ = {isa = PBXFileReference; explicitFileType = wrapper.cfbundle; includeInIndex = 0; path = KVODemoTests.xctest; sourceTree = BUILT_PRODUCTS_DIR; };
		D318F48B1CAA668800C0ABB9 /* KVODemoTests.m */ = {isa = PBXFileReference; lastKnownFileType = sourcecode.c.objc; path = KVODemoTests.m; sourceTree = "<group>"; };
		D318F48D1CAA668800C0ABB9 /* Info.plist */ = {isa = PBXFileReference; lastKnownFileType = text.plist.xml; path = Info.plist; sourceTree = "<group>"; };
		D318F4921CAA668800C0ABB9 /* KVODemoUITests.xctest */ = {isa = PBXFileReference; explicitFileType = wrapper.cfbundle; includeInIndex = 0; path = KVODemoUITests.xctest; sourceTree = BUILT_PRODUCTS_DIR; };
		D318F4961CAA668800C0ABB9 /* KVODemoUITests.m */ = {isa = PBXFileReference; lastKnownFileType = sourcecode.c.objc; path = KVODemoUITests.m; sourceTree = "<group>"; };
		D318F4981CAA668800C0ABB9 /* Info.plist */ = {isa = PBXFileReference; lastKnownFileType = text.plist.xml; path = Info.plist; sourceTree = "<group>"; };
		D318F4A41CAA691500C0ABB9 /* TestModel.h */ = {isa = PBXFileReference; fileEncoding = 4; lastKnownFileType = sourcecode.c.h; path = TestModel.h; sourceTree = "<group>"; };
		D318F4A51CAA691500C0ABB9 /* TestModel.m */ = {isa = PBXFileReference; fileEncoding = 4; lastKnownFileType = sourcecode.c.objc; path = TestModel.m; sourceTree = "<group>"; };
		D318F4A71CAA6BF500C0ABB9 /* TestWrapperModel.h */ = {isa = PBXFileReference; fileEncoding = 4; lastKnownFileType = sourcecode.c.h; path = TestWrapperModel.h; sourceTree = "<group>"; };
		D318F4A81CAA6BF500C0ABB9 /* TestWrapperModel.m */ = {isa = PBXFileReference; fileEncoding = 4; lastKnownFileType = sourcecode.c.objc; path = TestWrapperModel.m; sourceTree = "<group>"; };
/* End PBXFileReference section */

/* Begin PBXFrameworksBuildPhase section */
		D318F46B1CAA668800C0ABB9 /* Frameworks */ = {
			isa = PBXFrameworksBuildPhase;
			buildActionMask = 2147483647;
			files = (
			);
			runOnlyForDeploymentPostprocessing = 0;
		};
		D318F4841CAA668800C0ABB9 /* Frameworks */ = {
			isa = PBXFrameworksBuildPhase;
			buildActionMask = 2147483647;
			files = (
			);
			runOnlyForDeploymentPostprocessing = 0;
		};
		D318F48F1CAA668800C0ABB9 /* Frameworks */ = {
			isa = PBXFrameworksBuildPhase;
			buildActionMask = 2147483647;
			files = (
			);
			runOnlyForDeploymentPostprocessing = 0;
		};
/* End PBXFrameworksBuildPhase section */

/* Begin PBXGroup section */
		D318F4651CAA668800C0ABB9 = {
			isa = PBXGroup;
			children = (
				D318F4701CAA668800C0ABB9 /* KVODemo */,
				D318F48A1CAA668800C0ABB9 /* KVODemoTests */,
				D318F4951CAA668800C0ABB9 /* KVODemoUITests */,
				D318F46F1CAA668800C0ABB9 /* Products */,
			);
			sourceTree = "<group>";
		};
		D318F46F1CAA668800C0ABB9 /* Products */ = {
			isa = PBXGroup;
			children = (
				D318F46E1CAA668800C0ABB9 /* KVODemo.app */,
				D318F4871CAA668800C0ABB9 /* KVODemoTests.xctest */,
				D318F4921CAA668800C0ABB9 /* KVODemoUITests.xctest */,
			);
			name = Products;
			sourceTree = "<group>";
		};
		D318F4701CAA668800C0ABB9 /* KVODemo */ = {
			isa = PBXGroup;
			children = (
				D318F4741CAA668800C0ABB9 /* AppDelegate.h */,
				D318F4751CAA668800C0ABB9 /* AppDelegate.m */,
				D318F4771CAA668800C0ABB9 /* ViewController.h */,
				D318F4781CAA668800C0ABB9 /* ViewController.m */,
				D318F47D1CAA668800C0ABB9 /* Assets.xcassets */,
				D318F47F1CAA668800C0ABB9 /* LaunchScreen.storyboard */,
				D318F4821CAA668800C0ABB9 /* Info.plist */,
				D318F4711CAA668800C0ABB9 /* Supporting Files */,
				D318F4A41CAA691500C0ABB9 /* TestModel.h */,
				D318F4A51CAA691500C0ABB9 /* TestModel.m */,
				D318F4A71CAA6BF500C0ABB9 /* TestWrapperModel.h */,
				D318F4A81CAA6BF500C0ABB9 /* TestWrapperModel.m */,
			);
			path = KVODemo;
			sourceTree = "<group>";
		};
		D318F4711CAA668800C0ABB9 /* Supporting Files */ = {
			isa = PBXGroup;
			children = (
				D318F4721CAA668800C0ABB9 /* main.m */,
			);
			name = "Supporting Files";
			sourceTree = "<group>";
		};
		D318F48A1CAA668800C0ABB9 /* KVODemoTests */ = {
			isa = PBXGroup;
			children = (
				D318F48B1CAA668800C0ABB9 /* KVODemoTests.m */,
				D318F48D1CAA668800C0ABB9 /* Info.plist */,
			);
			path = KVODemoTests;
			sourceTree = "<group>";
		};
		D318F4951CAA668800C0ABB9 /* KVODemoUITests */ = {
			isa = PBXGroup;
			children = (
				D318F4961CAA668800C0ABB9 /* KVODemoUITests.m */,
				D318F4981CAA668800C0ABB9 /* Info.plist */,
			);
			path = KVODemoUITests;
			sourceTree = "<group>";
		};
/* End PBXGroup section */

/* Begin PBXNativeTarget section */
		D318F46D1CAA668800C0ABB9 /* KVODemo */ = {
			isa = PBXNativeTarget;
			buildConfigurationList = D318F49B1CAA668800C0ABB9 /* Build configuration list for PBXNativeTarget "KVODemo" */;
			buildPhases = (
				D318F46A1CAA668800C0ABB9 /* Sources */,
				D318F46B1CAA668800C0ABB9 /* Frameworks */,
				D318F46C1CAA668800C0ABB9 /* Resources */,
			);
			buildRules = (
			);
			dependencies = (
			);
			name = KVODemo;
			productName = KVODemo;
			productReference = D318F46E1CAA668800C0ABB9 /* KVODemo.app */;
			productType = "com.apple.product-type.application";
		};
		D318F4861CAA668800C0ABB9 /* KVODemoTests */ = {
			isa = PBXNativeTarget;
			buildConfigurationList = D318F49E1CAA668800C0ABB9 /* Build configuration list for PBXNativeTarget "KVODemoTests" */;
			buildPhases = (
				D318F4831CAA668800C0ABB9 /* Sources */,
				D318F4841CAA668800C0ABB9 /* Frameworks */,
				D318F4851CAA668800C0ABB9 /* Resources */,
			);
			buildRules = (
			);
			dependencies = (
				D318F4891CAA668800C0ABB9 /* PBXTargetDependency */,
			);
			name = KVODemoTests;
			productName = KVODemoTests;
			productReference = D318F4871CAA668800C0ABB9 /* KVODemoTests.xctest */;
			productType = "com.apple.product-type.bundle.unit-test";
		};
		D318F4911CAA668800C0ABB9 /* KVODemoUITests */ = {
			isa = PBXNativeTarget;
			buildConfigurationList = D318F4A11CAA668800C0ABB9 /* Build configuration list for PBXNativeTarget "KVODemoUITests" */;
			buildPhases = (
				D318F48E1CAA668800C0ABB9 /* Sources */,
				D318F48F1CAA668800C0ABB9 /* Frameworks */,
				D318F4901CAA668800C0ABB9 /* Resources */,
			);
			buildRules = (
			);
			dependencies = (
				D318F4941CAA668800C0ABB9 /* PBXTargetDependency */,
			);
			name = KVODemoUITests;
			productName = KVODemoUITests;
			productReference = D318F4921CAA668800C0ABB9 /* KVODemoUITests.xctest */;
			productType = "com.apple.product-type.bundle.ui-testing";
		};
/* End PBXNativeTarget section */

/* Begin PBXProject section */
		D318F4661CAA668800C0ABB9 /* Project object */ = {
			isa = PBXProject;
			attributes = {
				LastUpgradeCheck = 0710;
				ORGANIZATIONNAME = "jzsec-byx";
				TargetAttributes = {
					D318F46D1CAA668800C0ABB9 = {
						CreatedOnToolsVersion = 7.1;
					};
					D318F4861CAA668800C0ABB9 = {
						CreatedOnToolsVersion = 7.1;
						TestTargetID = D318F46D1CAA668800C0ABB9;
					};
					D318F4911CAA668800C0ABB9 = {
						CreatedOnToolsVersion = 7.1;
						TestTargetID = D318F46D1CAA668800C0ABB9;
					};
				};
			};
			buildConfigurationList = D318F4691CAA668800C0ABB9 /* Build configuration list for PBXProject "KVODemo" */;
			compatibilityVersion = "Xcode 3.2";
			developmentRegion = English;
			hasScannedForEncodings = 0;
			knownRegions = (
				en,
				Base,
			);
			mainGroup = D318F4651CAA668800C0ABB9;
			productRefGroup = D318F46F1CAA668800C0ABB9 /* Products */;
			projectDirPath = "";
			projectRoot = "";
			targets = (
				D318F46D1CAA668800C0ABB9 /* KVODemo */,
				D318F4861CAA668800C0ABB9 /* KVODemoTests */,
				D318F4911CAA668800C0ABB9 /* KVODemoUITests */,
			);
		};
/* End PBXProject section */

/* Begin PBXResourcesBuildPhase section */
		D318F46C1CAA668800C0ABB9 /* Resources */ = {
			isa = PBXResourcesBuildPhase;
			buildActionMask = 2147483647;
			files = (
				D318F4811CAA668800C0ABB9 /* LaunchScreen.storyboard in Resources */,
				D318F47E1CAA668800C0ABB9 /* Assets.xcassets in Resources */,
			);
			runOnlyForDeploymentPostprocessing = 0;
		};
		D318F4851CAA668800C0ABB9 /* Resources */ = {
			isa = PBXResourcesBuildPhase;
			buildActionMask = 2147483647;
			files = (
			);
			runOnlyForDeploymentPostprocessing = 0;
		};
		D318F4901CAA668800C0ABB9 /* Resources */ = {
			isa = PBXResourcesBuildPhase;
			buildActionMask = 2147483647;
			files = (
			);
			runOnlyForDeploymentPostprocessing = 0;
		};
/* End PBXResourcesBuildPhase section */

/* Begin PBXSourcesBuildPhase section */
		D318F46A1CAA668800C0ABB9 /* Sources */ = {
			isa = PBXSourcesBuildPhase;
			buildActionMask = 2147483647;
			files = (
				D318F4791CAA668800C0ABB9 /* ViewController.m in Sources */,
				D318F4761CAA668800C0ABB9 /* AppDelegate.m in Sources */,
				D318F4731CAA668800C0ABB9 /* main.m in Sources */,
				D318F4A61CAA691500C0ABB9 /* TestModel.m in Sources */,
				D318F4A91CAA6BF500C0ABB9 /* TestWrapperModel.m in Sources */,
			);
			runOnlyForDeploymentPostprocessing = 0;
		};
		D318F4831CAA668800C0ABB9 /* Sources */ = {
			isa = PBXSourcesBuildPhase;
			buildActionMask = 2147483647;
			files = (
				D318F48C1CAA668800C0ABB9 /* KVODemoTests.m in Sources */,
			);
			runOnlyForDeploymentPostprocessing = 0;
		};
		D318F48E1CAA668800C0ABB9 /* Sources */ = {
			isa = PBXSourcesBuildPhase;
			buildActionMask = 2147483647;
			files = (
				D318F4971CAA668800C0ABB9 /* KVODemoUITests.m in Sources */,
			);
			runOnlyForDeploymentPostprocessing = 0;
		};
/* End PBXSourcesBuildPhase section */

/* Begin PBXTargetDependency section */
		D318F4891CAA668800C0ABB9 /* PBXTargetDependency */ = {
			isa = PBXTargetDependency;
			target = D318F46D1CAA668800C0ABB9 /* KVODemo */;
			targetProxy = D318F4881CAA668800C0ABB9 /* PBXContainerItemProxy */;
		};
		D318F4941CAA668800C0ABB9 /* PBXTargetDependency */ = {
			isa = PBXTargetDependency;
			target = D318F46D1CAA668800C0ABB9 /* KVODemo */;
			targetProxy = D318F4931CAA668800C0ABB9 /* PBXContainerItemProxy */;
		};
/* End PBXTargetDependency section */

/* Begin PBXVariantGroup section */
		D318F47F1CAA668800C0ABB9 /* LaunchScreen.storyboard */ = {
			isa = PBXVariantGroup;
			children = (
				D318F4801CAA668800C0ABB9 /* Base */,
			);
			name = LaunchScreen.storyboard;
			sourceTree = "<group>";
		};
/* End PBXVariantGroup section */

/* Begin XCBuildConfiguration section */
		D318F4991CAA668800C0ABB9 /* Debug */ = {
			isa = XCBuildConfiguration;
			buildSettings = {
				ALWAYS_SEARCH_USER_PATHS = NO;
				CLANG_CXX_LANGUAGE_STANDARD = "gnu++0x";
				CLANG_CXX_LIBRARY = "libc++";
				CLANG_ENABLE_MODULES = YES;
				CLANG_ENABLE_OBJC_ARC = YES;
				CLANG_WARN_BOOL_CONVERSION = YES;
				CLANG_WARN_CONSTANT_CONVERSION = YES;
				CLANG_WARN_DIRECT_OBJC_ISA_USAGE = YES_ERROR;
				CLANG_WARN_EMPTY_BODY = YES;
				CLANG_WARN_ENUM_CONVERSION = YES;
				CLANG_WARN_INT_CONVERSION = YES;
				CLANG_WARN_OBJC_ROOT_CLASS = YES_ERROR;
				CLANG_WARN_UNREACHABLE_CODE = YES;
				CLANG_WARN__DUPLICATE_METHOD_MATCH = YES;
				"CODE_SIGN_IDENTITY[sdk=iphoneos*]" = "iPhone Developer";
				COPY_PHASE_STRIP = NO;
				DEBUG_INFORMATION_FORMAT = dwarf;
				ENABLE_STRICT_OBJC_MSGSEND = YES;
				ENABLE_TESTABILITY = YES;
				GCC_C_LANGUAGE_STANDARD = gnu99;
				GCC_DYNAMIC_NO_PIC = NO;
				GCC_NO_COMMON_BLOCKS = YES;
				GCC_OPTIMIZATION_LEVEL = 0;
				GCC_PREPROCESSOR_DEFINITIONS = (
					"DEBUG=1",
					"$(inherited)",
				);
				GCC_WARN_64_TO_32_BIT_CONVERSION = YES;
				GCC_WARN_ABOUT_RETURN_TYPE = YES_ERROR;
				GCC_WARN_UNDECLARED_SELECTOR = YES;
				GCC_WARN_UNINITIALIZED_AUTOS = YES_AGGRESSIVE;
				GCC_WARN_UNUSED_FUNCTION = YES;
				GCC_WARN_UNUSED_VARIABLE = YES;
				IPHONEOS_DEPLOYMENT_TARGET = 9.1;
				MTL_ENABLE_DEBUG_INFO = YES;
				ONLY_ACTIVE_ARCH = YES;
				SDKROOT = iphoneos;
				TARGETED_DEVICE_FAMILY = "1,2";
			};
			name = Debug;
		};
		D318F49A1CAA668800C0ABB9 /* Release */ = {
			isa = XCBuildConfiguration;
			buildSettings = {
				ALWAYS_SEARCH_USER_PATHS = NO;
				CLANG_CXX_LANGUAGE_STANDARD = "gnu++0x";
				CLANG_CXX_LIBRARY = "libc++";
				CLANG_ENABLE_MODULES = YES;
				CLANG_ENABLE_OBJC_ARC = YES;
				CLANG_WARN_BOOL_CONVERSION = YES;
				CLANG_WARN_CONSTANT_CONVERSION = YES;
				CLANG_WARN_DIRECT_OBJC_ISA_USAGE = YES_ERROR;
				CLANG_WARN_EMPTY_BODY = YES;
				CLANG_WARN_ENUM_CONVERSION = YES;
				CLANG_WARN_INT_CONVERSION = YES;
				CLANG_WARN_OBJC_ROOT_CLASS = YES_ERROR;
				CLANG_WARN_UNREACHABLE_CODE = YES;
				CLANG_WARN__DUPLICATE_METHOD_MATCH = YES;
				"CODE_SIGN_IDENTITY[sdk=iphoneos*]" = "iPhone Developer";
				COPY_PHASE_STRIP = NO;
				DEBUG_INFORMATION_FORMAT = "dwarf-with-dsym";
				ENABLE_NS_ASSERTIONS = NO;
				ENABLE_STRICT_OBJC_MSGSEND = YES;
				GCC_C_LANGUAGE_STANDARD = gnu99;
				GCC_NO_COMMON_BLOCKS = YES;
				GCC_WARN_64_TO_32_BIT_CONVERSION = YES;
				GCC_WARN_ABOUT_RETURN_TYPE = YES_ERROR;
				GCC_WARN_UNDECLARED_SELECTOR = YES;
				GCC_WARN_UNINITIALIZED_AUTOS = YES_AGGRESSIVE;
				GCC_WARN_UNUSED_FUNCTION = YES;
				GCC_WARN_UNUSED_VARIABLE = YES;
				IPHONEOS_DEPLOYMENT_TARGET = 9.1;
				MTL_ENABLE_DEBUG_INFO = NO;
				SDKROOT = iphoneos;
				TARGETED_DEVICE_FAMILY = "1,2";
				VALIDATE_PRODUCT = YES;
			};
			name = Release;
		};
		D318F49C1CAA668800C0ABB9 /* Debug */ = {
			isa = XCBuildConfiguration;
			buildSettings = {
				ASSETCATALOG_COMPILER_APPICON_NAME = AppIcon;
				INFOPLIST_FILE = KVODemo/Info.plist;
				LD_RUNPATH_SEARCH_PATHS = "$(inherited) @executable_path/Frameworks";
				PRODUCT_BUNDLE_IDENTIFIER = com.byx.KVODemo;
				PRODUCT_NAME = "$(TARGET_NAME)";
			};
			name = Debug;
		};
		D318F49D1CAA668800C0ABB9 /* Release */ = {
			isa = XCBuildConfiguration;
			buildSettings = {
				ASSETCATALOG_COMPILER_APPICON_NAME = AppIcon;
				INFOPLIST_FILE = KVODemo/Info.plist;
				LD_RUNPATH_SEARCH_PATHS = "$(inherited) @executable_path/Frameworks";
				PRODUCT_BUNDLE_IDENTIFIER = com.byx.KVODemo;
				PRODUCT_NAME = "$(TARGET_NAME)";
			};
			name = Release;
		};
		D318F49F1CAA668800C0ABB9 /* Debug */ = {
			isa = XCBuildConfiguration;
			buildSettings = {
				BUNDLE_LOADER = "$(TEST_HOST)";
				INFOPLIST_FILE = KVODemoTests/Info.plist;
				LD_RUNPATH_SEARCH_PATHS = "$(inherited) @executable_path/Frameworks @loader_path/Frameworks";
				PRODUCT_BUNDLE_IDENTIFIER = com.byx.KVODemoTests;
				PRODUCT_NAME = "$(TARGET_NAME)";
				TEST_HOST = "$(BUILT_PRODUCTS_DIR)/KVODemo.app/KVODemo";
			};
			name = Debug;
		};
		D318F4A01CAA668800C0ABB9 /* Release */ = {
			isa = XCBuildConfiguration;
			buildSettings = {
				BUNDLE_LOADER = "$(TEST_HOST)";
				INFOPLIST_FILE = KVODemoTests/Info.plist;
				LD_RUNPATH_SEARCH_PATHS = "$(inherited) @executable_path/Frameworks @loader_path/Frameworks";
				PRODUCT_BUNDLE_IDENTIFIER = com.byx.KVODemoTests;
				PRODUCT_NAME = "$(TARGET_NAME)";
				TEST_HOST = "$(BUILT_PRODUCTS_DIR)/KVODemo.app/KVODemo";
			};
			name = Release;
		};
		D318F4A21CAA668800C0ABB9 /* Debug */ = {
			isa = XCBuildConfiguration;
			buildSettings = {
				INFOPLIST_FILE = KVODemoUITests/Info.plist;
				LD_RUNPATH_SEARCH_PATHS = "$(inherited) @executable_path/Frameworks @loader_path/Frameworks";
				PRODUCT_BUNDLE_IDENTIFIER = com.byx.KVODemoUITests;
				PRODUCT_NAME = "$(TARGET_NAME)";
				TEST_TARGET_NAME = KVODemo;
				USES_XCTRUNNER = YES;
			};
			name = Debug;
		};
		D318F4A31CAA668800C0ABB9 /* Release */ = {
			isa = XCBuildConfiguration;
			buildSettings = {
				INFOPLIST_FILE = KVODemoUITests/Info.plist;
				LD_RUNPATH_SEARCH_PATHS = "$(inherited) @executable_path/Frameworks @loader_path/Frameworks";
				PRODUCT_BUNDLE_IDENTIFIER = com.byx.KVODemoUITests;
				PRODUCT_NAME = "$(TARGET_NAME)";
				TEST_TARGET_NAME = KVODemo;
				USES_XCTRUNNER = YES;
			};
			name = Release;
		};
/* End XCBuildConfiguration section */

/* Begin XCConfigurationList section */
		D318F4691CAA668800C0ABB9 /* Build configuration list for PBXProject "KVODemo" */ = {
			isa = XCConfigurationList;
			buildConfigurations = (
				D318F4991CAA668800C0ABB9 /* Debug */,
				D318F49A1CAA668800C0ABB9 /* Release */,
			);
			defaultConfigurationIsVisible = 0;
			defaultConfigurationName = Release;
		};
		D318F49B1CAA668800C0ABB9 /* Build configuration list for PBXNativeTarget "KVODemo" */ = {
			isa = XCConfigurationList;
			buildConfigurations = (
				D318F49C1CAA668800C0ABB9 /* Debug */,
				D318F49D1CAA668800C0ABB9 /* Release */,
			);
			defaultConfigurationIsVisible = 0;
		};
		D318F49E1CAA668800C0ABB9 /* Build configuration list for PBXNativeTarget "KVODemoTests" */ = {
			isa = XCConfigurationList;
			buildConfigurations = (
				D318F49F1CAA668800C0ABB9 /* Debug */,
				D318F4A01CAA668800C0ABB9 /* Release */,
			);
			defaultConfigurationIsVisible = 0;
		};
		D318F4A11CAA668800C0ABB9 /* Build configuration list for PBXNativeTarget "KVODemoUITests" */ = {
			isa = XCConfigurationList;
			buildConfigurations = (
				D318F4A21CAA668800C0ABB9 /* Debug */,
				D318F4A31CAA668800C0ABB9 /* Release */,
			);
			defaultConfigurationIsVisible = 0;
		};
/* End XCConfigurationList section */
	};
	rootObject = D318F4661CAA668800C0ABB9 /* Project object */;
}
